PODS:
  - Blabber (1.1.3):
    - Blabber/Core (= 1.1.3)
  - Blabber/CocoaLumberjack (1.1.3):
    - Blabber/Core
    - CocoaLumberjack (~> 2.0)
  - Blabber/Core (1.1.3)
  - CocoaLumberjack (2.4.0):
    - CocoaLumberjack/Default (= 2.4.0)
    - CocoaLumberjack/Extensions (= 2.4.0)
  - CocoaLumberjack/Core (2.4.0)
  - CocoaLumberjack/Default (2.4.0):
    - CocoaLumberjack/Core
  - CocoaLumberjack/Extensions (2.4.0):
    - CocoaLumberjack/Default
  - Umarell/Blabber (1.2.0):
    - Blabber
    - Umarell/Core
  - Umarell/Core (1.2.0)

DEPENDENCIES:
  - Blabber/CocoaLumberjack
  - Umarell/Blabber (from `../../`)

EXTERNAL SOURCES:
  Umarell:
    :path: ../../

SPEC CHECKSUMS:
  Blabber: 669f61f7d0a17ed412cb798c1056bb2cc5e88579
  CocoaLumberjack: aa9dcab71bdf9eaf2a63bbd9ddc87863efe45457
  Umarell: 1c027e059950f19ab380ee6d52109a86e73d1a06

PODFILE CHECKSUM: c50a18285e978c7a37805cbb210b7e35abfd7220

COCOAPODS: 1.2.1
